{
  "name": "linuxsmartweb",
  "lockfileVersion": 3,
  "requires": true,
  "packages": {
    "": {
      "dependencies": {
        "dbus": "^1.0.7"
      }
    },
    "node_modules/dbus": {
      "version": "1.0.7",
      "resolved": "https://registry.npmjs.org/dbus/-/dbus-1.0.7.tgz",
      "integrity": "sha512-qba6/ajLoqzCy3Kl3aFgLXLP4TTf0qfgNjib1qoCJG/8HbSs0lDvxkz4nJU63CURZVzxvpK/VpQpT40KA8Kr3A==",
      "hasInstallScript": true,
      "license": "MIT",
      "os": [
        "!win32"
      ],
      "dependencies": {
        "nan": "^2.14.0"
      },
      "engines": {
        "node": ">= 0.12.0"
      }
    },
    "node_modules/nan": {
      "version": "2.20.0",
      "resolved": "https://registry.npmjs.org/nan/-/nan-2.20.0.tgz",
      "integrity": "sha512-bk3gXBZDGILuuo/6sKtr0DQmSThYHLtNCdSdXk9YkxD/jK6X2vmCyyXBBxyqZ4XcnzTyYEAThfX3DCEnLf6igw==",
      "license": "MIT"
    }
  }
}
